
Microsoft Visual Studio Solution File, Format Version 12.00
# Visual Studio Version 17
VisualStudioVersion = 17.3.32811.315
MinimumVisualStudioVersion = 10.0.40219.1
Project("{FAE04EC0-301F-11D3-BF4B-00C04F79EFBC}") = "Challenge1", "Challenge1\Challenge1.csproj", "{14A84058-B232-4BD6-A98F-9A0D25B9AE27}"
EndProject
Project("{FAE04EC0-301F-11D3-BF4B-00C04F79EFBC}") = "HeritageObjet", "HeritageObjet\HeritageObjet.csproj", "{907DB9DB-4FB8-4FB9-8CCD-6047EA7C3F36}"
EndProject
Global
	GlobalSection(SolutionConfigurationPlatforms) = preSolution
		Debug|Any CPU = Debug|Any CPU
		Release|Any CPU = Release|Any CPU
	EndGlobalSection
	GlobalSection(ProjectConfigurationPlatforms) = postSolution
		{14A84058-B232-4BD6-A98F-9A0D25B9AE27}.Debug|Any CPU.ActiveCfg = Debug|Any CPU
		{14A84058-B232-4BD6-A98F-9A0D25B9AE27}.Debug|Any CPU.Build.0 = Debug|Any CPU
		{14A84058-B232-4BD6-A98F-9A0D25B9AE27}.Release|Any CPU.ActiveCfg = Release|Any CPU
		{14A84058-B232-4BD6-A98F-9A0D25B9AE27}.Release|Any CPU.Build.0 = Release|Any CPU
		{907DB9DB-4FB8-4FB9-8CCD-6047EA7C3F36}.Debug|Any CPU.ActiveCfg = Debug|Any CPU
		{907DB9DB-4FB8-4FB9-8CCD-6047EA7C3F36}.Debug|Any CPU.Build.0 = Debug|Any CPU
		{907DB9DB-4FB8-4FB9-8CCD-6047EA7C3F36}.Release|Any CPU.ActiveCfg = Release|Any CPU
		{907DB9DB-4FB8-4FB9-8CCD-6047EA7C3F36}.Release|Any CPU.Build.0 = Release|Any CPU
	EndGlobalSection
	GlobalSection(SolutionProperties) = preSolution
		HideSolutionNode = FALSE
	EndGlobalSection
	GlobalSection(ExtensibilityGlobals) = postSolution
		SolutionGuid = {41B441FB-AC97-4EEF-9BC3-3F64C3F18630}
	EndGlobalSection
EndGlobal
